{
  "name": "Speech Recogitio",
  "lockfileVersion": 2,
  "requires": true,
  "packages": {
    "": {
      "dependencies": {
        "react-speech-recognition": "^3.9.1",
        "react-speech-recognition-input": "^0.1.1"
      }
    },
    "node_modules/react-speech-recognition": {
      "version": "3.9.1",
      "resolved": "https://registry.npmjs.org/react-speech-recognition/-/react-speech-recognition-3.9.1.tgz",
      "integrity": "sha512-HzhHydSvLcpaCW7q9HZamNg4XQaKXEMGBT9rYP/rGhbwBRj6dgrCZsHcoV3Lr3WSDyFw0svXeoRzbG/cneFGnQ==",
      "peerDependencies": {
        "react": ">=16.8.0"
      }
    },
    "node_modules/react-speech-recognition-input": {
      "version": "0.1.1",
      "resolved": "https://registry.npmjs.org/react-speech-recognition-input/-/react-speech-recognition-input-0.1.1.tgz",
      "integrity": "sha512-UdWEArOIRIJ2Rj/kxtSagriOOCUx4VB999KoVecWTGlN6bZkbHVHOLuW7noadBnoL+tyyrnNpT7GPecQ4fq8fg==",
      "peerDependencies": {
        "react": ">=0.14.2",
        "react-dom": ">=0.14.2"
      }
    }
  },
  "dependencies": {
    "react-speech-recognition": {
      "version": "3.9.1",
      "resolved": "https://registry.npmjs.org/react-speech-recognition/-/react-speech-recognition-3.9.1.tgz",
      "integrity": "sha512-HzhHydSvLcpaCW7q9HZamNg4XQaKXEMGBT9rYP/rGhbwBRj6dgrCZsHcoV3Lr3WSDyFw0svXeoRzbG/cneFGnQ=="
    },
    "react-speech-recognition-input": {
      "version": "0.1.1",
      "resolved": "https://registry.npmjs.org/react-speech-recognition-input/-/react-speech-recognition-input-0.1.1.tgz",
      "integrity": "sha512-UdWEArOIRIJ2Rj/kxtSagriOOCUx4VB999KoVecWTGlN6bZkbHVHOLuW7noadBnoL+tyyrnNpT7GPecQ4fq8fg=="
    }
  }
}
